// !$*UTF8*$!
{
	archiveVersion = 1;
	classes = {
	};
	objectVersion = 50;
	objects = {

/* Begin PBXBuildFile section */
		CC643B4E24AD71E900336B53 /* AppDelegate.swift in Sources */ = {isa = PBXBuildFile; fileRef = CC643B4D24AD71E900336B53 /* AppDelegate.swift */; };
		CC643B5024AD71E900336B53 /* SceneDelegate.swift in Sources */ = {isa = PBXBuildFile; fileRef = CC643B4F24AD71E900336B53 /* SceneDelegate.swift */; };
		CC643B5324AD71E900336B53 /* MeditationTracker_2_0.xcdatamodeld in Sources */ = {isa = PBXBuildFile; fileRef = CC643B5124AD71E900336B53 /* MeditationTracker_2_0.xcdatamodeld */; };
		CC643B5524AD71E900336B53 /* ContentView.swift in Sources */ = {isa = PBXBuildFile; fileRef = CC643B5424AD71E900336B53 /* ContentView.swift */; };
		CC643B5724AD71EB00336B53 /* Assets.xcassets in Resources */ = {isa = PBXBuildFile; fileRef = CC643B5624AD71EB00336B53 /* Assets.xcassets */; };
		CC643B5A24AD71EB00336B53 /* Preview Assets.xcassets in Resources */ = {isa = PBXBuildFile; fileRef = CC643B5924AD71EB00336B53 /* Preview Assets.xcassets */; };
		CC643B5D24AD71EB00336B53 /* LaunchScreen.storyboard in Resources */ = {isa = PBXBuildFile; fileRef = CC643B5B24AD71EB00336B53 /* LaunchScreen.storyboard */; };
/* End PBXBuildFile section */

/* Begin PBXFileReference section */
		CC643B4A24AD71E900336B53 /* MeditationTracker 2.0.app */ = {isa = PBXFileReference; explicitFileType = wrapper.application; includeInIndex = 0; path = "MeditationTracker 2.0.app"; sourceTree = BUILT_PRODUCTS_DIR; };
		CC643B4D24AD71E900336B53 /* AppDelegate.swift */ = {isa = PBXFileReference; lastKnownFileType = sourcecode.swift; path = AppDelegate.swift; sourceTree = "<group>"; };
		CC643B4F24AD71E900336B53 /* SceneDelegate.swift */ = {isa = PBXFileReference; lastKnownFileType = sourcecode.swift; path = SceneDelegate.swift; sourceTree = "<group>"; };
		CC643B5224AD71E900336B53 /* MeditationTracker_2_0.xcdatamodel */ = {isa = PBXFileReference; lastKnownFileType = wrapper.xcdatamodel; path = MeditationTracker_2_0.xcdatamodel; sourceTree = "<group>"; };
		CC643B5424AD71E900336B53 /* ContentView.swift */ = {isa = PBXFileReference; lastKnownFileType = sourcecode.swift; path = ContentView.swift; sourceTree = "<group>"; };
		CC643B5624AD71EB00336B53 /* Assets.xcassets */ = {isa = PBXFileReference; lastKnownFileType = folder.assetcatalog; path = Assets.xcassets; sourceTree = "<group>"; };
		CC643B5924AD71EB00336B53 /* Preview Assets.xcassets */ = {isa = PBXFileReference; lastKnownFileType = folder.assetcatalog; path = "Preview Assets.xcassets"; sourceTree = "<group>"; };
		CC643B5C24AD71EB00336B53 /* Base */ = {isa = PBXFileReference; lastKnownFileType = file.storyboard; name = Base; path = Base.lproj/LaunchScreen.storyboard; sourceTree = "<group>"; };
		CC643B5E24AD71EB00336B53 /* Info.plist */ = {isa = PBXFileReference; lastKnownFileType = text.plist.xml; path = Info.plist; sourceTree = "<group>"; };
/* End PBXFileReference section */

/* Begin PBXFrameworksBuildPhase section */
		CC643B4724AD71E900336B53 /* Frameworks */ = {
			isa = PBXFrameworksBuildPhase;
			buildActionMask = 2147483647;
			files = (
			);
			runOnlyForDeploymentPostprocessing = 0;
		};
/* End PBXFrameworksBuildPhase section */

/* Begin PBXGroup section */
		CC643B4124AD71E900336B53 = {
			isa = PBXGroup;
			children = (
				CC643B4C24AD71E900336B53 /* MeditationTracker 2.0 */,
				CC643B4B24AD71E900336B53 /* Products */,
			);
			sourceTree = "<group>";
		};
		CC643B4B24AD71E900336B53 /* Products */ = {
			isa = PBXGroup;
			children = (
				CC643B4A24AD71E900336B53 /* MeditationTracker 2.0.app */,
			);
			name = Products;
			sourceTree = "<group>";
		};
		CC643B4C24AD71E900336B53 /* MeditationTracker 2.0 */ = {
			isa = PBXGroup;
			children = (
				CC643B4D24AD71E900336B53 /* AppDelegate.swift */,
				CC643B4F24AD71E900336B53 /* SceneDelegate.swift */,
				CC643B5424AD71E900336B53 /* ContentView.swift */,
				CC643B5624AD71EB00336B53 /* Assets.xcassets */,
				CC643B5B24AD71EB00336B53 /* LaunchScreen.storyboard */,
				CC643B5E24AD71EB00336B53 /* Info.plist */,
				CC643B5124AD71E900336B53 /* MeditationTracker_2_0.xcdatamodeld */,
				CC643B5824AD71EB00336B53 /* Preview Content */,
			);
			path = "MeditationTracker 2.0";
			sourceTree = "<group>";
		};
		CC643B5824AD71EB00336B53 /* Preview Content */ = {
			isa = PBXGroup;
			children = (
				CC643B5924AD71EB00336B53 /* Preview Assets.xcassets */,
			);
			path = "Preview Content";
			sourceTree = "<group>";
		};
/* End PBXGroup section */

/* Begin PBXNativeTarget section */
		CC643B4924AD71E900336B53 /* MeditationTracker 2.0 */ = {
			isa = PBXNativeTarget;
			buildConfigurationList = CC643B6124AD71EB00336B53 /* Build configuration list for PBXNativeTarget "MeditationTracker 2.0" */;
			buildPhases = (
				CC643B4624AD71E900336B53 /* Sources */,
				CC643B4724AD71E900336B53 /* Frameworks */,
				CC643B4824AD71E900336B53 /* Resources */,
			);
			buildRules = (
			);
			dependencies = (
			);
			name = "MeditationTracker 2.0";
			productName = "MeditationTracker 2.0";
			productReference = CC643B4A24AD71E900336B53 /* MeditationTracker 2.0.app */;
			productType = "com.apple.product-type.application";
		};
/* End PBXNativeTarget section */

/* Begin PBXProject section */
		CC643B4224AD71E900336B53 /* Project object */ = {
			isa = PBXProject;
			attributes = {
				LastSwiftUpdateCheck = 1150;
				LastUpgradeCheck = 1150;
				ORGANIZATIONNAME = "Garrick Henne";
				TargetAttributes = {
					CC643B4924AD71E900336B53 = {
						CreatedOnToolsVersion = 11.5;
					};
				};
			};
			buildConfigurationList = CC643B4524AD71E900336B53 /* Build configuration list for PBXProject "MeditationTracker 2.0" */;
			compatibilityVersion = "Xcode 9.3";
			developmentRegion = en;
			hasScannedForEncodings = 0;
			knownRegions = (
				en,
				Base,
			);
			mainGroup = CC643B4124AD71E900336B53;
			productRefGroup = CC643B4B24AD71E900336B53 /* Products */;
			projectDirPath = "";
			projectRoot = "";
			targets = (
				CC643B4924AD71E900336B53 /* MeditationTracker 2.0 */,
			);
		};
/* End PBXProject section */

/* Begin PBXResourcesBuildPhase section */
		CC643B4824AD71E900336B53 /* Resources */ = {
			isa = PBXResourcesBuildPhase;
			buildActionMask = 2147483647;
			files = (
				CC643B5D24AD71EB00336B53 /* LaunchScreen.storyboard in Resources */,
				CC643B5A24AD71EB00336B53 /* Preview Assets.xcassets in Resources */,
				CC643B5724AD71EB00336B53 /* Assets.xcassets in Resources */,
			);
			runOnlyForDeploymentPostprocessing = 0;
		};
/* End PBXResourcesBuildPhase section */

/* Begin PBXSourcesBuildPhase section */
		CC643B4624AD71E900336B53 /* Sources */ = {
			isa = PBXSourcesBuildPhase;
			buildActionMask = 2147483647;
			files = (
				CC643B4E24AD71E900336B53 /* AppDelegate.swift in Sources */,
				CC643B5324AD71E900336B53 /* MeditationTracker_2_0.xcdatamodeld in Sources */,
				CC643B5524AD71E900336B53 /* ContentView.swift in Sources */,
				CC643B5024AD71E900336B53 /* SceneDelegate.swift in Sources */,
			);
			runOnlyForDeploymentPostprocessing = 0;
		};
/* End PBXSourcesBuildPhase section */

/* Begin PBXVariantGroup section */
		CC643B5B24AD71EB00336B53 /* LaunchScreen.storyboard */ = {
			isa = PBXVariantGroup;
			children = (
				CC643B5C24AD71EB00336B53 /* Base */,
			);
			name = LaunchScreen.storyboard;
			sourceTree = "<group>";
		};
/* End PBXVariantGroup section */

/* Begin XCBuildConfiguration section */
		CC643B5F24AD71EB00336B53 /* Debug */ = {
			isa = XCBuildConfiguration;
			buildSettings = {
				ALWAYS_SEARCH_USER_PATHS = NO;
				CLANG_ANALYZER_NONNULL = YES;
				CLANG_ANALYZER_NUMBER_OBJECT_CONVERSION = YES_AGGRESSIVE;
				CLANG_CXX_LANGUAGE_STANDARD = "gnu++14";
				CLANG_CXX_LIBRARY = "libc++";
				CLANG_ENABLE_MODULES = YES;
				CLANG_ENABLE_OBJC_ARC = YES;
				CLANG_ENABLE_OBJC_WEAK = YES;
				CLANG_WARN_BLOCK_CAPTURE_AUTORELEASING = YES;
				CLANG_WARN_BOOL_CONVERSION = YES;
				CLANG_WARN_COMMA = YES;
				CLANG_WARN_CONSTANT_CONVERSION = YES;
				CLANG_WARN_DEPRECATED_OBJC_IMPLEMENTATIONS = YES;
				CLANG_WARN_DIRECT_OBJC_ISA_USAGE = YES_ERROR;
				CLANG_WARN_DOCUMENTATION_COMMENTS = YES;
				CLANG_WARN_EMPTY_BODY = YES;
				CLANG_WARN_ENUM_CONVERSION = YES;
				CLANG_WARN_INFINITE_RECURSION = YES;
				CLANG_WARN_INT_CONVERSION = YES;
				CLANG_WARN_NON_LITERAL_NULL_CONVERSION = YES;
				CLANG_WARN_OBJC_IMPLICIT_RETAIN_SELF = YES;
				CLANG_WARN_OBJC_LITERAL_CONVERSION = YES;
				CLANG_WARN_OBJC_ROOT_CLASS = YES_ERROR;
				CLANG_WARN_RANGE_LOOP_ANALYSIS = YES;
				CLANG_WARN_STRICT_PROTOTYPES = YES;
				CLANG_WARN_SUSPICIOUS_MOVE = YES;
				CLANG_WARN_UNGUARDED_AVAILABILITY = YES_AGGRESSIVE;
				CLANG_WARN_UNREACHABLE_CODE = YES;
				CLANG_WARN__DUPLICATE_METHOD_MATCH = YES;
				COPY_PHASE_STRIP = NO;
				DEBUG_INFORMATION_FORMAT = dwarf;
				ENABLE_STRICT_OBJC_MSGSEND = YES;
				ENABLE_TESTABILITY = YES;
				GCC_C_LANGUAGE_STANDARD = gnu11;
				GCC_DYNAMIC_NO_PIC = NO;
				GCC_NO_COMMON_BLOCKS = YES;
				GCC_OPTIMIZATION_LEVEL = 0;
				GCC_PREPROCESSOR_DEFINITIONS = (
					"DEBUG=1",
					"$(inherited)",
				);
				GCC_WARN_64_TO_32_BIT_CONVERSION = YES;
				GCC_WARN_ABOUT_RETURN_TYPE = YES_ERROR;
				GCC_WARN_UNDECLARED_SELECTOR = YES;
				GCC_WARN_UNINITIALIZED_AUTOS = YES_AGGRESSIVE;
				GCC_WARN_UNUSED_FUNCTION = YES;
				GCC_WARN_UNUSED_VARIABLE = YES;
				IPHONEOS_DEPLOYMENT_TARGET = 13.5;
				MTL_ENABLE_DEBUG_INFO = INCLUDE_SOURCE;
				MTL_FAST_MATH = YES;
				ONLY_ACTIVE_ARCH = YES;
				SDKROOT = iphoneos;
				SWIFT_ACTIVE_COMPILATION_CONDITIONS = DEBUG;
				SWIFT_OPTIMIZATION_LEVEL = "-Onone";
			};
			name = Debug;
		};
		CC643B6024AD71EB00336B53 /* Release */ = {
			isa = XCBuildConfiguration;
			buildSettings = {
				ALWAYS_SEARCH_USER_PATHS = NO;
				CLANG_ANALYZER_NONNULL = YES;
				CLANG_ANALYZER_NUMBER_OBJECT_CONVERSION = YES_AGGRESSIVE;
				CLANG_CXX_LANGUAGE_STANDARD = "gnu++14";
				CLANG_CXX_LIBRARY = "libc++";
				CLANG_ENABLE_MODULES = YES;
				CLANG_ENABLE_OBJC_ARC = YES;
				CLANG_ENABLE_OBJC_WEAK = YES;
				CLANG_WARN_BLOCK_CAPTURE_AUTORELEASING = YES;
				CLANG_WARN_BOOL_CONVERSION = YES;
				CLANG_WARN_COMMA = YES;
				CLANG_WARN_CONSTANT_CONVERSION = YES;
				CLANG_WARN_DEPRECATED_OBJC_IMPLEMENTATIONS = YES;
				CLANG_WARN_DIRECT_OBJC_ISA_USAGE = YES_ERROR;
				CLANG_WARN_DOCUMENTATION_COMMENTS = YES;
				CLANG_WARN_EMPTY_BODY = YES;
				CLANG_WARN_ENUM_CONVERSION = YES;
				CLANG_WARN_INFINITE_RECURSION = YES;
				CLANG_WARN_INT_CONVERSION = YES;
				CLANG_WARN_NON_LITERAL_NULL_CONVERSION = YES;
				CLANG_WARN_OBJC_IMPLICIT_RETAIN_SELF = YES;
				CLANG_WARN_OBJC_LITERAL_CONVERSION = YES;
				CLANG_WARN_OBJC_ROOT_CLASS = YES_ERROR;
				CLANG_WARN_RANGE_LOOP_ANALYSIS = YES;
				CLANG_WARN_STRICT_PROTOTYPES = YES;
				CLANG_WARN_SUSPICIOUS_MOVE = YES;
				CLANG_WARN_UNGUARDED_AVAILABILITY = YES_AGGRESSIVE;
				CLANG_WARN_UNREACHABLE_CODE = YES;
				CLANG_WARN__DUPLICATE_METHOD_MATCH = YES;
				COPY_PHASE_STRIP = NO;
				DEBUG_INFORMATION_FORMAT = "dwarf-with-dsym";
				ENABLE_NS_ASSERTIONS = NO;
				ENABLE_STRICT_OBJC_MSGSEND = YES;
				GCC_C_LANGUAGE_STANDARD = gnu11;
				GCC_NO_COMMON_BLOCKS = YES;
				GCC_WARN_64_TO_32_BIT_CONVERSION = YES;
				GCC_WARN_ABOUT_RETURN_TYPE = YES_ERROR;
				GCC_WARN_UNDECLARED_SELECTOR = YES;
				GCC_WARN_UNINITIALIZED_AUTOS = YES_AGGRESSIVE;
				GCC_WARN_UNUSED_FUNCTION = YES;
				GCC_WARN_UNUSED_VARIABLE = YES;
				IPHONEOS_DEPLOYMENT_TARGET = 13.5;
				MTL_ENABLE_DEBUG_INFO = NO;
				MTL_FAST_MATH = YES;
				SDKROOT = iphoneos;
				SWIFT_COMPILATION_MODE = wholemodule;
				SWIFT_OPTIMIZATION_LEVEL = "-O";
				VALIDATE_PRODUCT = YES;
			};
			name = Release;
		};
		CC643B6224AD71EB00336B53 /* Debug */ = {
			isa = XCBuildConfiguration;
			buildSettings = {
				ASSETCATALOG_COMPILER_APPICON_NAME = AppIcon;
				CODE_SIGN_STYLE = Automatic;
				DEVELOPMENT_ASSET_PATHS = "\"MeditationTracker 2.0/Preview Content\"";
				DEVELOPMENT_TEAM = AS8R6C63BT;
				ENABLE_PREVIEWS = YES;
				INFOPLIST_FILE = "MeditationTracker 2.0/Info.plist";
				LD_RUNPATH_SEARCH_PATHS = (
					"$(inherited)",
					"@executable_path/Frameworks",
				);
				PRODUCT_BUNDLE_IDENTIFIER = "garrickhenne.MeditationTracker-2-0";
				PRODUCT_NAME = "$(TARGET_NAME)";
				SWIFT_VERSION = 5.0;
				TARGETED_DEVICE_FAMILY = "1,2";
			};
			name = Debug;
		};
		CC643B6324AD71EB00336B53 /* Release */ = {
			isa = XCBuildConfiguration;
			buildSettings = {
				ASSETCATALOG_COMPILER_APPICON_NAME = AppIcon;
				CODE_SIGN_STYLE = Automatic;
				DEVELOPMENT_ASSET_PATHS = "\"MeditationTracker 2.0/Preview Content\"";
				DEVELOPMENT_TEAM = AS8R6C63BT;
				ENABLE_PREVIEWS = YES;
				INFOPLIST_FILE = "MeditationTracker 2.0/Info.plist";
				LD_RUNPATH_SEARCH_PATHS = (
					"$(inherited)",
					"@executable_path/Frameworks",
				);
				PRODUCT_BUNDLE_IDENTIFIER = "garrickhenne.MeditationTracker-2-0";
				PRODUCT_NAME = "$(TARGET_NAME)";
				SWIFT_VERSION = 5.0;
				TARGETED_DEVICE_FAMILY = "1,2";
			};
			name = Release;
		};
/* End XCBuildConfiguration section */

/* Begin XCConfigurationList section */
		CC643B4524AD71E900336B53 /* Build configuration list for PBXProject "MeditationTracker 2.0" */ = {
			isa = XCConfigurationList;
			buildConfigurations = (
				CC643B5F24AD71EB00336B53 /* Debug */,
				CC643B6024AD71EB00336B53 /* Release */,
			);
			defaultConfigurationIsVisible = 0;
			defaultConfigurationName = Release;
		};
		CC643B6124AD71EB00336B53 /* Build configuration list for PBXNativeTarget "MeditationTracker 2.0" */ = {
			isa = XCConfigurationList;
			buildConfigurations = (
				CC643B6224AD71EB00336B53 /* Debug */,
				CC643B6324AD71EB00336B53 /* Release */,
			);
			defaultConfigurationIsVisible = 0;
			defaultConfigurationName = Release;
		};
/* End XCConfigurationList section */

/* Begin XCVersionGroup section */
		CC643B5124AD71E900336B53 /* MeditationTracker_2_0.xcdatamodeld */ = {
			isa = XCVersionGroup;
			children = (
				CC643B5224AD71E900336B53 /* MeditationTracker_2_0.xcdatamodel */,
			);
			currentVersion = CC643B5224AD71E900336B53 /* MeditationTracker_2_0.xcdatamodel */;
			path = MeditationTracker_2_0.xcdatamodeld;
			sourceTree = "<group>";
			versionGroupType = wrapper.xcdatamodel;
		};
/* End XCVersionGroup section */
	};
	rootObject = CC643B4224AD71E900336B53 /* Project object */;
}
